
Microsoft Visual Studio Solution File, Format Version 12.00
# Visual Studio 15
VisualStudioVersion = 15.0.28307.489
MinimumVisualStudioVersion = 10.0.40219.1
Project("{2150E333-8FDC-42A3-9474-1A3956D46DE8}") = "Domain", "Domain", "{65A39F4F-CC15-45A8-AE64-49AAC9B8B2E5}"
EndProject
Project("{FAE04EC0-301F-11D3-BF4B-00C04F79EFBC}") = "RO.Chat.IO.Domain.Test", "test\RO.Chat.IO.Domain.Test\RO.Chat.IO.Domain.Test.csproj", "{9B9ACCDC-AF50-40F9-998F-B414365D71FB}"
EndProject
Project("{FAE04EC0-301F-11D3-BF4B-00C04F79EFBC}") = "RO.Chat.IO.Domain", "src\RO.Chat.IO.Domain\RO.Chat.IO.Domain.csproj", "{7B780511-763F-4ABF-9E52-A97012B4DE57}"
EndProject
Project("{2150E333-8FDC-42A3-9474-1A3956D46DE8}") = "Repository", "Repository", "{0F56A7C8-5EBE-410F-84A3-9EF5C50675BF}"
EndProject
Project("{FAE04EC0-301F-11D3-BF4B-00C04F79EFBC}") = "RO.Chat.IO.Data", "src\RO.Chat.IO.Data\RO.Chat.IO.Data.csproj", "{32632A6D-7F75-47F9-817B-397C548DDA7E}"
EndProject
Project("{2150E333-8FDC-42A3-9474-1A3956D46DE8}") = "IoC", "IoC", "{FEB9E9E2-66FB-4D57-AAF5-74DB8C91A263}"
EndProject
Project("{FAE04EC0-301F-11D3-BF4B-00C04F79EFBC}") = "RO.Chat.IO.IoC", "src\RO.Chat.IO.IoC\RO.Chat.IO.IoC.csproj", "{7C19FD52-872B-4B79-AA45-6ECD357FAC50}"
EndProject
Project("{2150E333-8FDC-42A3-9474-1A3956D46DE8}") = "Web", "Web", "{48EDE322-2F25-40B6-8582-F1ACC08AD858}"
EndProject
Project("{FAE04EC0-301F-11D3-BF4B-00C04F79EFBC}") = "RO.Chat.IO.Web", "src\RO.Chat.IO.Web\RO.Chat.IO.Web.csproj", "{EF56215D-A804-4B7C-B65A-F135594635AB}"
EndProject
Project("{2150E333-8FDC-42A3-9474-1A3956D46DE8}") = "Data-Scripts", "Data-Scripts", "{7471F9D3-D528-42B9-B9CF-F7226C924E7C}"
EndProject
Project("{00D1A9C2-B5F0-4AF3-8072-F6C62B433612}") = "RO.Chat.IO.Scripts", "scripts\RO.Chat.IO.Scripts\RO.Chat.IO.Scripts.sqlproj", "{F56C8256-0D4B-4920-8DD7-A4946BDB1AE1}"
EndProject
Global
	GlobalSection(SolutionConfigurationPlatforms) = preSolution
		Debug|Any CPU = Debug|Any CPU
		Release|Any CPU = Release|Any CPU
	EndGlobalSection
	GlobalSection(ProjectConfigurationPlatforms) = postSolution
		{9B9ACCDC-AF50-40F9-998F-B414365D71FB}.Debug|Any CPU.ActiveCfg = Debug|Any CPU
		{9B9ACCDC-AF50-40F9-998F-B414365D71FB}.Debug|Any CPU.Build.0 = Debug|Any CPU
		{9B9ACCDC-AF50-40F9-998F-B414365D71FB}.Release|Any CPU.ActiveCfg = Release|Any CPU
		{9B9ACCDC-AF50-40F9-998F-B414365D71FB}.Release|Any CPU.Build.0 = Release|Any CPU
		{7B780511-763F-4ABF-9E52-A97012B4DE57}.Debug|Any CPU.ActiveCfg = Debug|Any CPU
		{7B780511-763F-4ABF-9E52-A97012B4DE57}.Debug|Any CPU.Build.0 = Debug|Any CPU
		{7B780511-763F-4ABF-9E52-A97012B4DE57}.Release|Any CPU.ActiveCfg = Release|Any CPU
		{7B780511-763F-4ABF-9E52-A97012B4DE57}.Release|Any CPU.Build.0 = Release|Any CPU
		{32632A6D-7F75-47F9-817B-397C548DDA7E}.Debug|Any CPU.ActiveCfg = Debug|Any CPU
		{32632A6D-7F75-47F9-817B-397C548DDA7E}.Debug|Any CPU.Build.0 = Debug|Any CPU
		{32632A6D-7F75-47F9-817B-397C548DDA7E}.Release|Any CPU.ActiveCfg = Release|Any CPU
		{32632A6D-7F75-47F9-817B-397C548DDA7E}.Release|Any CPU.Build.0 = Release|Any CPU
		{7C19FD52-872B-4B79-AA45-6ECD357FAC50}.Debug|Any CPU.ActiveCfg = Debug|Any CPU
		{7C19FD52-872B-4B79-AA45-6ECD357FAC50}.Debug|Any CPU.Build.0 = Debug|Any CPU
		{7C19FD52-872B-4B79-AA45-6ECD357FAC50}.Release|Any CPU.ActiveCfg = Release|Any CPU
		{7C19FD52-872B-4B79-AA45-6ECD357FAC50}.Release|Any CPU.Build.0 = Release|Any CPU
		{EF56215D-A804-4B7C-B65A-F135594635AB}.Debug|Any CPU.ActiveCfg = Debug|Any CPU
		{EF56215D-A804-4B7C-B65A-F135594635AB}.Debug|Any CPU.Build.0 = Debug|Any CPU
		{EF56215D-A804-4B7C-B65A-F135594635AB}.Release|Any CPU.ActiveCfg = Release|Any CPU
		{EF56215D-A804-4B7C-B65A-F135594635AB}.Release|Any CPU.Build.0 = Release|Any CPU
		{F56C8256-0D4B-4920-8DD7-A4946BDB1AE1}.Debug|Any CPU.ActiveCfg = Debug|Any CPU
		{F56C8256-0D4B-4920-8DD7-A4946BDB1AE1}.Debug|Any CPU.Build.0 = Debug|Any CPU
		{F56C8256-0D4B-4920-8DD7-A4946BDB1AE1}.Debug|Any CPU.Deploy.0 = Debug|Any CPU
		{F56C8256-0D4B-4920-8DD7-A4946BDB1AE1}.Release|Any CPU.ActiveCfg = Release|Any CPU
		{F56C8256-0D4B-4920-8DD7-A4946BDB1AE1}.Release|Any CPU.Build.0 = Release|Any CPU
		{F56C8256-0D4B-4920-8DD7-A4946BDB1AE1}.Release|Any CPU.Deploy.0 = Release|Any CPU
	EndGlobalSection
	GlobalSection(SolutionProperties) = preSolution
		HideSolutionNode = FALSE
	EndGlobalSection
	GlobalSection(NestedProjects) = preSolution
		{9B9ACCDC-AF50-40F9-998F-B414365D71FB} = {65A39F4F-CC15-45A8-AE64-49AAC9B8B2E5}
		{7B780511-763F-4ABF-9E52-A97012B4DE57} = {65A39F4F-CC15-45A8-AE64-49AAC9B8B2E5}
		{32632A6D-7F75-47F9-817B-397C548DDA7E} = {0F56A7C8-5EBE-410F-84A3-9EF5C50675BF}
		{7C19FD52-872B-4B79-AA45-6ECD357FAC50} = {FEB9E9E2-66FB-4D57-AAF5-74DB8C91A263}
		{EF56215D-A804-4B7C-B65A-F135594635AB} = {48EDE322-2F25-40B6-8582-F1ACC08AD858}
		{F56C8256-0D4B-4920-8DD7-A4946BDB1AE1} = {7471F9D3-D528-42B9-B9CF-F7226C924E7C}
	EndGlobalSection
	GlobalSection(ExtensibilityGlobals) = postSolution
		SolutionGuid = {61CA942F-BDD7-4EA3-97D1-9589C5B251AE}
	EndGlobalSection
EndGlobal
